
Microsoft Visual Studio Solution File, Format Version 12.00
# Visual Studio Version 17
VisualStudioVersion = 17.5.33530.505
MinimumVisualStudioVersion = 10.0.40219.1
Project("{9A19103F-16F7-4668-BE54-9A1E7A4F7556}") = "WebsiteCustomerChatMVC", "MVC\WebsiteCustomerChatMVC\WebsiteCustomerChatMVC.csproj", "{7153FF38-DBAE-4910-AD12-0B1FE874A626}"
EndProject
Project("{9A19103F-16F7-4668-BE54-9A1E7A4F7556}") = "WebsiteCustomerChatConfiguration", "WebsiteCustomerChatConfiguration\WebsiteCustomerChatConfiguration.csproj", "{7DB94D24-BD5C-4154-BC41-310DD18961CB}"
EndProject
Project("{9A19103F-16F7-4668-BE54-9A1E7A4F7556}") = "ConfigurationTests", "Tests\ConfigurationTests\ConfigurationTests.csproj", "{7A361140-CEB1-40DF-AC38-962923F864E7}"
EndProject
Project("{9A19103F-16F7-4668-BE54-9A1E7A4F7556}") = "WccEntityFrameworkDriverTests", "Tests\WccEntityFrameworkTests\WccEntityFrameworkDriverTests\WccEntityFrameworkDriverTests.csproj", "{1E1CD3D1-9542-49D1-ADB8-A83797FED0C0}"
EndProject
Project("{FAE04EC0-301F-11D3-BF4B-00C04F79EFBC}") = "WccTests", "WccTests\WccTests.csproj", "{2E524368-A68E-4B61-95EF-7E08FCF798EA}"
EndProject
Global
	GlobalSection(SolutionConfigurationPlatforms) = preSolution
		Debug|Any CPU = Debug|Any CPU
		Release|Any CPU = Release|Any CPU
	EndGlobalSection
	GlobalSection(ProjectConfigurationPlatforms) = postSolution
		{7153FF38-DBAE-4910-AD12-0B1FE874A626}.Debug|Any CPU.ActiveCfg = Debug|Any CPU
		{7153FF38-DBAE-4910-AD12-0B1FE874A626}.Debug|Any CPU.Build.0 = Debug|Any CPU
		{7153FF38-DBAE-4910-AD12-0B1FE874A626}.Release|Any CPU.ActiveCfg = Release|Any CPU
		{7153FF38-DBAE-4910-AD12-0B1FE874A626}.Release|Any CPU.Build.0 = Release|Any CPU
		{7DB94D24-BD5C-4154-BC41-310DD18961CB}.Debug|Any CPU.ActiveCfg = Debug|Any CPU
		{7DB94D24-BD5C-4154-BC41-310DD18961CB}.Debug|Any CPU.Build.0 = Debug|Any CPU
		{7DB94D24-BD5C-4154-BC41-310DD18961CB}.Release|Any CPU.ActiveCfg = Release|Any CPU
		{7DB94D24-BD5C-4154-BC41-310DD18961CB}.Release|Any CPU.Build.0 = Release|Any CPU
		{7A361140-CEB1-40DF-AC38-962923F864E7}.Debug|Any CPU.ActiveCfg = Debug|Any CPU
		{7A361140-CEB1-40DF-AC38-962923F864E7}.Debug|Any CPU.Build.0 = Debug|Any CPU
		{7A361140-CEB1-40DF-AC38-962923F864E7}.Release|Any CPU.ActiveCfg = Release|Any CPU
		{7A361140-CEB1-40DF-AC38-962923F864E7}.Release|Any CPU.Build.0 = Release|Any CPU
		{1E1CD3D1-9542-49D1-ADB8-A83797FED0C0}.Debug|Any CPU.ActiveCfg = Debug|Any CPU
		{1E1CD3D1-9542-49D1-ADB8-A83797FED0C0}.Debug|Any CPU.Build.0 = Debug|Any CPU
		{1E1CD3D1-9542-49D1-ADB8-A83797FED0C0}.Release|Any CPU.ActiveCfg = Release|Any CPU
		{1E1CD3D1-9542-49D1-ADB8-A83797FED0C0}.Release|Any CPU.Build.0 = Release|Any CPU
		{2E524368-A68E-4B61-95EF-7E08FCF798EA}.Debug|Any CPU.ActiveCfg = Debug|Any CPU
		{2E524368-A68E-4B61-95EF-7E08FCF798EA}.Debug|Any CPU.Build.0 = Debug|Any CPU
		{2E524368-A68E-4B61-95EF-7E08FCF798EA}.Release|Any CPU.ActiveCfg = Release|Any CPU
		{2E524368-A68E-4B61-95EF-7E08FCF798EA}.Release|Any CPU.Build.0 = Release|Any CPU
	EndGlobalSection
	GlobalSection(SolutionProperties) = preSolution
		HideSolutionNode = FALSE
	EndGlobalSection
	GlobalSection(ExtensibilityGlobals) = postSolution
		SolutionGuid = {CA46EDCD-712F-41A4-B079-499A45311833}
	EndGlobalSection
EndGlobal
